// !$*UTF8*$!
{
	archiveVersion = 1;
	classes = {
	};
	objectVersion = 55;
	objects = {

/* Begin PBXBuildFile section */
		FAA01198277C2EA1002D2249 /* AppDelegate.swift in Sources */ = {isa = PBXBuildFile; fileRef = FAA01197277C2EA1002D2249 /* AppDelegate.swift */; };
		FAA0119A277C2EA1002D2249 /* SceneDelegate.swift in Sources */ = {isa = PBXBuildFile; fileRef = FAA01199277C2EA1002D2249 /* SceneDelegate.swift */; };
		FAA0119C277C2EA1002D2249 /* ViewController.swift in Sources */ = {isa = PBXBuildFile; fileRef = FAA0119B277C2EA1002D2249 /* ViewController.swift */; };
		FAA0119F277C2EA1002D2249 /* Main.storyboard in Resources */ = {isa = PBXBuildFile; fileRef = FAA0119D277C2EA1002D2249 /* Main.storyboard */; };
		FAA011A1277C2EA5002D2249 /* Assets.xcassets in Resources */ = {isa = PBXBuildFile; fileRef = FAA011A0277C2EA5002D2249 /* Assets.xcassets */; };
		FAA011A4277C2EA5002D2249 /* LaunchScreen.storyboard in Resources */ = {isa = PBXBuildFile; fileRef = FAA011A2277C2EA5002D2249 /* LaunchScreen.storyboard */; };
		FAA011AF277C2EA5002D2249 /* ProgramatticViewsPracticeTests.swift in Sources */ = {isa = PBXBuildFile; fileRef = FAA011AE277C2EA5002D2249 /* ProgramatticViewsPracticeTests.swift */; };
		FAA011B9277C2EA5002D2249 /* ProgramatticViewsPracticeUITests.swift in Sources */ = {isa = PBXBuildFile; fileRef = FAA011B8277C2EA5002D2249 /* ProgramatticViewsPracticeUITests.swift */; };
		FAA011BB277C2EA5002D2249 /* ProgramatticViewsPracticeUITestsLaunchTests.swift in Sources */ = {isa = PBXBuildFile; fileRef = FAA011BA277C2EA5002D2249 /* ProgramatticViewsPracticeUITestsLaunchTests.swift */; };
/* End PBXBuildFile section */

/* Begin PBXContainerItemProxy section */
		FAA011AB277C2EA5002D2249 /* PBXContainerItemProxy */ = {
			isa = PBXContainerItemProxy;
			containerPortal = FAA0118C277C2EA1002D2249 /* Project object */;
			proxyType = 1;
			remoteGlobalIDString = FAA01193277C2EA1002D2249;
			remoteInfo = ProgramatticViewsPractice;
		};
		FAA011B5277C2EA5002D2249 /* PBXContainerItemProxy */ = {
			isa = PBXContainerItemProxy;
			containerPortal = FAA0118C277C2EA1002D2249 /* Project object */;
			proxyType = 1;
			remoteGlobalIDString = FAA01193277C2EA1002D2249;
			remoteInfo = ProgramatticViewsPractice;
		};
/* End PBXContainerItemProxy section */

/* Begin PBXFileReference section */
		FAA01194277C2EA1002D2249 /* ProgramatticViewsPractice.app */ = {isa = PBXFileReference; explicitFileType = wrapper.application; includeInIndex = 0; path = ProgramatticViewsPractice.app; sourceTree = BUILT_PRODUCTS_DIR; };
		FAA01197277C2EA1002D2249 /* AppDelegate.swift */ = {isa = PBXFileReference; lastKnownFileType = sourcecode.swift; path = AppDelegate.swift; sourceTree = "<group>"; };
		FAA01199277C2EA1002D2249 /* SceneDelegate.swift */ = {isa = PBXFileReference; lastKnownFileType = sourcecode.swift; path = SceneDelegate.swift; sourceTree = "<group>"; };
		FAA0119B277C2EA1002D2249 /* ViewController.swift */ = {isa = PBXFileReference; lastKnownFileType = sourcecode.swift; path = ViewController.swift; sourceTree = "<group>"; };
		FAA0119E277C2EA1002D2249 /* Base */ = {isa = PBXFileReference; lastKnownFileType = file.storyboard; name = Base; path = Base.lproj/Main.storyboard; sourceTree = "<group>"; };
		FAA011A0277C2EA5002D2249 /* Assets.xcassets */ = {isa = PBXFileReference; lastKnownFileType = folder.assetcatalog; path = Assets.xcassets; sourceTree = "<group>"; };
		FAA011A3277C2EA5002D2249 /* Base */ = {isa = PBXFileReference; lastKnownFileType = file.storyboard; name = Base; path = Base.lproj/LaunchScreen.storyboard; sourceTree = "<group>"; };
		FAA011A5277C2EA5002D2249 /* Info.plist */ = {isa = PBXFileReference; lastKnownFileType = text.plist.xml; path = Info.plist; sourceTree = "<group>"; };
		FAA011AA277C2EA5002D2249 /* ProgramatticViewsPracticeTests.xctest */ = {isa = PBXFileReference; explicitFileType = wrapper.cfbundle; includeInIndex = 0; path = ProgramatticViewsPracticeTests.xctest; sourceTree = BUILT_PRODUCTS_DIR; };
		FAA011AE277C2EA5002D2249 /* ProgramatticViewsPracticeTests.swift */ = {isa = PBXFileReference; lastKnownFileType = sourcecode.swift; path = ProgramatticViewsPracticeTests.swift; sourceTree = "<group>"; };
		FAA011B4277C2EA5002D2249 /* ProgramatticViewsPracticeUITests.xctest */ = {isa = PBXFileReference; explicitFileType = wrapper.cfbundle; includeInIndex = 0; path = ProgramatticViewsPracticeUITests.xctest; sourceTree = BUILT_PRODUCTS_DIR; };
		FAA011B8277C2EA5002D2249 /* ProgramatticViewsPracticeUITests.swift */ = {isa = PBXFileReference; lastKnownFileType = sourcecode.swift; path = ProgramatticViewsPracticeUITests.swift; sourceTree = "<group>"; };
		FAA011BA277C2EA5002D2249 /* ProgramatticViewsPracticeUITestsLaunchTests.swift */ = {isa = PBXFileReference; lastKnownFileType = sourcecode.swift; path = ProgramatticViewsPracticeUITestsLaunchTests.swift; sourceTree = "<group>"; };
/* End PBXFileReference section */

/* Begin PBXFrameworksBuildPhase section */
		FAA01191277C2EA1002D2249 /* Frameworks */ = {
			isa = PBXFrameworksBuildPhase;
			buildActionMask = 2147483647;
			files = (
			);
			runOnlyForDeploymentPostprocessing = 0;
		};
		FAA011A7277C2EA5002D2249 /* Frameworks */ = {
			isa = PBXFrameworksBuildPhase;
			buildActionMask = 2147483647;
			files = (
			);
			runOnlyForDeploymentPostprocessing = 0;
		};
		FAA011B1277C2EA5002D2249 /* Frameworks */ = {
			isa = PBXFrameworksBuildPhase;
			buildActionMask = 2147483647;
			files = (
			);
			runOnlyForDeploymentPostprocessing = 0;
		};
/* End PBXFrameworksBuildPhase section */

/* Begin PBXGroup section */
		FAA0118B277C2EA1002D2249 = {
			isa = PBXGroup;
			children = (
				FAA01196277C2EA1002D2249 /* ProgramatticViewsPractice */,
				FAA011AD277C2EA5002D2249 /* ProgramatticViewsPracticeTests */,
				FAA011B7277C2EA5002D2249 /* ProgramatticViewsPracticeUITests */,
				FAA01195277C2EA1002D2249 /* Products */,
			);
			sourceTree = "<group>";
		};
		FAA01195277C2EA1002D2249 /* Products */ = {
			isa = PBXGroup;
			children = (
				FAA01194277C2EA1002D2249 /* ProgramatticViewsPractice.app */,
				FAA011AA277C2EA5002D2249 /* ProgramatticViewsPracticeTests.xctest */,
				FAA011B4277C2EA5002D2249 /* ProgramatticViewsPracticeUITests.xctest */,
			);
			name = Products;
			sourceTree = "<group>";
		};
		FAA01196277C2EA1002D2249 /* ProgramatticViewsPractice */ = {
			isa = PBXGroup;
			children = (
				FAA01197277C2EA1002D2249 /* AppDelegate.swift */,
				FAA01199277C2EA1002D2249 /* SceneDelegate.swift */,
				FAA0119B277C2EA1002D2249 /* ViewController.swift */,
				FAA0119D277C2EA1002D2249 /* Main.storyboard */,
				FAA011A0277C2EA5002D2249 /* Assets.xcassets */,
				FAA011A2277C2EA5002D2249 /* LaunchScreen.storyboard */,
				FAA011A5277C2EA5002D2249 /* Info.plist */,
			);
			path = ProgramatticViewsPractice;
			sourceTree = "<group>";
		};
		FAA011AD277C2EA5002D2249 /* ProgramatticViewsPracticeTests */ = {
			isa = PBXGroup;
			children = (
				FAA011AE277C2EA5002D2249 /* ProgramatticViewsPracticeTests.swift */,
			);
			path = ProgramatticViewsPracticeTests;
			sourceTree = "<group>";
		};
		FAA011B7277C2EA5002D2249 /* ProgramatticViewsPracticeUITests */ = {
			isa = PBXGroup;
			children = (
				FAA011B8277C2EA5002D2249 /* ProgramatticViewsPracticeUITests.swift */,
				FAA011BA277C2EA5002D2249 /* ProgramatticViewsPracticeUITestsLaunchTests.swift */,
			);
			path = ProgramatticViewsPracticeUITests;
			sourceTree = "<group>";
		};
/* End PBXGroup section */

/* Begin PBXNativeTarget section */
		FAA01193277C2EA1002D2249 /* ProgramatticViewsPractice */ = {
			isa = PBXNativeTarget;
			buildConfigurationList = FAA011BE277C2EA5002D2249 /* Build configuration list for PBXNativeTarget "ProgramatticViewsPractice" */;
			buildPhases = (
				FAA01190277C2EA1002D2249 /* Sources */,
				FAA01191277C2EA1002D2249 /* Frameworks */,
				FAA01192277C2EA1002D2249 /* Resources */,
			);
			buildRules = (
			);
			dependencies = (
			);
			name = ProgramatticViewsPractice;
			productName = ProgramatticViewsPractice;
			productReference = FAA01194277C2EA1002D2249 /* ProgramatticViewsPractice.app */;
			productType = "com.apple.product-type.application";
		};
		FAA011A9277C2EA5002D2249 /* ProgramatticViewsPracticeTests */ = {
			isa = PBXNativeTarget;
			buildConfigurationList = FAA011C1277C2EA5002D2249 /* Build configuration list for PBXNativeTarget "ProgramatticViewsPracticeTests" */;
			buildPhases = (
				FAA011A6277C2EA5002D2249 /* Sources */,
				FAA011A7277C2EA5002D2249 /* Frameworks */,
				FAA011A8277C2EA5002D2249 /* Resources */,
			);
			buildRules = (
			);
			dependencies = (
				FAA011AC277C2EA5002D2249 /* PBXTargetDependency */,
			);
			name = ProgramatticViewsPracticeTests;
			productName = ProgramatticViewsPracticeTests;
			productReference = FAA011AA277C2EA5002D2249 /* ProgramatticViewsPracticeTests.xctest */;
			productType = "com.apple.product-type.bundle.unit-test";
		};
		FAA011B3277C2EA5002D2249 /* ProgramatticViewsPracticeUITests */ = {
			isa = PBXNativeTarget;
			buildConfigurationList = FAA011C4277C2EA5002D2249 /* Build configuration list for PBXNativeTarget "ProgramatticViewsPracticeUITests" */;
			buildPhases = (
				FAA011B0277C2EA5002D2249 /* Sources */,
				FAA011B1277C2EA5002D2249 /* Frameworks */,
				FAA011B2277C2EA5002D2249 /* Resources */,
			);
			buildRules = (
			);
			dependencies = (
				FAA011B6277C2EA5002D2249 /* PBXTargetDependency */,
			);
			name = ProgramatticViewsPracticeUITests;
			productName = ProgramatticViewsPracticeUITests;
			productReference = FAA011B4277C2EA5002D2249 /* ProgramatticViewsPracticeUITests.xctest */;
			productType = "com.apple.product-type.bundle.ui-testing";
		};
/* End PBXNativeTarget section */

/* Begin PBXProject section */
		FAA0118C277C2EA1002D2249 /* Project object */ = {
			isa = PBXProject;
			attributes = {
				BuildIndependentTargetsInParallel = 1;
				LastSwiftUpdateCheck = 1320;
				LastUpgradeCheck = 1320;
				TargetAttributes = {
					FAA01193277C2EA1002D2249 = {
						CreatedOnToolsVersion = 13.2.1;
					};
					FAA011A9277C2EA5002D2249 = {
						CreatedOnToolsVersion = 13.2.1;
						TestTargetID = FAA01193277C2EA1002D2249;
					};
					FAA011B3277C2EA5002D2249 = {
						CreatedOnToolsVersion = 13.2.1;
						TestTargetID = FAA01193277C2EA1002D2249;
					};
				};
			};
			buildConfigurationList = FAA0118F277C2EA1002D2249 /* Build configuration list for PBXProject "ProgramatticViewsPractice" */;
			compatibilityVersion = "Xcode 13.0";
			developmentRegion = en;
			hasScannedForEncodings = 0;
			knownRegions = (
				en,
				Base,
			);
			mainGroup = FAA0118B277C2EA1002D2249;
			productRefGroup = FAA01195277C2EA1002D2249 /* Products */;
			projectDirPath = "";
			projectRoot = "";
			targets = (
				FAA01193277C2EA1002D2249 /* ProgramatticViewsPractice */,
				FAA011A9277C2EA5002D2249 /* ProgramatticViewsPracticeTests */,
				FAA011B3277C2EA5002D2249 /* ProgramatticViewsPracticeUITests */,
			);
		};
/* End PBXProject section */

/* Begin PBXResourcesBuildPhase section */
		FAA01192277C2EA1002D2249 /* Resources */ = {
			isa = PBXResourcesBuildPhase;
			buildActionMask = 2147483647;
			files = (
				FAA011A4277C2EA5002D2249 /* LaunchScreen.storyboard in Resources */,
				FAA011A1277C2EA5002D2249 /* Assets.xcassets in Resources */,
				FAA0119F277C2EA1002D2249 /* Main.storyboard in Resources */,
			);
			runOnlyForDeploymentPostprocessing = 0;
		};
		FAA011A8277C2EA5002D2249 /* Resources */ = {
			isa = PBXResourcesBuildPhase;
			buildActionMask = 2147483647;
			files = (
			);
			runOnlyForDeploymentPostprocessing = 0;
		};
		FAA011B2277C2EA5002D2249 /* Resources */ = {
			isa = PBXResourcesBuildPhase;
			buildActionMask = 2147483647;
			files = (
			);
			runOnlyForDeploymentPostprocessing = 0;
		};
/* End PBXResourcesBuildPhase section */

/* Begin PBXSourcesBuildPhase section */
		FAA01190277C2EA1002D2249 /* Sources */ = {
			isa = PBXSourcesBuildPhase;
			buildActionMask = 2147483647;
			files = (
				FAA0119C277C2EA1002D2249 /* ViewController.swift in Sources */,
				FAA01198277C2EA1002D2249 /* AppDelegate.swift in Sources */,
				FAA0119A277C2EA1002D2249 /* SceneDelegate.swift in Sources */,
			);
			runOnlyForDeploymentPostprocessing = 0;
		};
		FAA011A6277C2EA5002D2249 /* Sources */ = {
			isa = PBXSourcesBuildPhase;
			buildActionMask = 2147483647;
			files = (
				FAA011AF277C2EA5002D2249 /* ProgramatticViewsPracticeTests.swift in Sources */,
			);
			runOnlyForDeploymentPostprocessing = 0;
		};
		FAA011B0277C2EA5002D2249 /* Sources */ = {
			isa = PBXSourcesBuildPhase;
			buildActionMask = 2147483647;
			files = (
				FAA011B9277C2EA5002D2249 /* ProgramatticViewsPracticeUITests.swift in Sources */,
				FAA011BB277C2EA5002D2249 /* ProgramatticViewsPracticeUITestsLaunchTests.swift in Sources */,
			);
			runOnlyForDeploymentPostprocessing = 0;
		};
/* End PBXSourcesBuildPhase section */

/* Begin PBXTargetDependency section */
		FAA011AC277C2EA5002D2249 /* PBXTargetDependency */ = {
			isa = PBXTargetDependency;
			target = FAA01193277C2EA1002D2249 /* ProgramatticViewsPractice */;
			targetProxy = FAA011AB277C2EA5002D2249 /* PBXContainerItemProxy */;
		};
		FAA011B6277C2EA5002D2249 /* PBXTargetDependency */ = {
			isa = PBXTargetDependency;
			target = FAA01193277C2EA1002D2249 /* ProgramatticViewsPractice */;
			targetProxy = FAA011B5277C2EA5002D2249 /* PBXContainerItemProxy */;
		};
/* End PBXTargetDependency section */

/* Begin PBXVariantGroup section */
		FAA0119D277C2EA1002D2249 /* Main.storyboard */ = {
			isa = PBXVariantGroup;
			children = (
				FAA0119E277C2EA1002D2249 /* Base */,
			);
			name = Main.storyboard;
			sourceTree = "<group>";
		};
		FAA011A2277C2EA5002D2249 /* LaunchScreen.storyboard */ = {
			isa = PBXVariantGroup;
			children = (
				FAA011A3277C2EA5002D2249 /* Base */,
			);
			name = LaunchScreen.storyboard;
			sourceTree = "<group>";
		};
/* End PBXVariantGroup section */

/* Begin XCBuildConfiguration section */
		FAA011BC277C2EA5002D2249 /* Debug */ = {
			isa = XCBuildConfiguration;
			buildSettings = {
				ALWAYS_SEARCH_USER_PATHS = NO;
				CLANG_ANALYZER_NONNULL = YES;
				CLANG_ANALYZER_NUMBER_OBJECT_CONVERSION = YES_AGGRESSIVE;
				CLANG_CXX_LANGUAGE_STANDARD = "gnu++17";
				CLANG_CXX_LIBRARY = "libc++";
				CLANG_ENABLE_MODULES = YES;
				CLANG_ENABLE_OBJC_ARC = YES;
				CLANG_ENABLE_OBJC_WEAK = YES;
				CLANG_WARN_BLOCK_CAPTURE_AUTORELEASING = YES;
				CLANG_WARN_BOOL_CONVERSION = YES;
				CLANG_WARN_COMMA = YES;
				CLANG_WARN_CONSTANT_CONVERSION = YES;
				CLANG_WARN_DEPRECATED_OBJC_IMPLEMENTATIONS = YES;
				CLANG_WARN_DIRECT_OBJC_ISA_USAGE = YES_ERROR;
				CLANG_WARN_DOCUMENTATION_COMMENTS = YES;
				CLANG_WARN_EMPTY_BODY = YES;
				CLANG_WARN_ENUM_CONVERSION = YES;
				CLANG_WARN_INFINITE_RECURSION = YES;
				CLANG_WARN_INT_CONVERSION = YES;
				CLANG_WARN_NON_LITERAL_NULL_CONVERSION = YES;
				CLANG_WARN_OBJC_IMPLICIT_RETAIN_SELF = YES;
				CLANG_WARN_OBJC_LITERAL_CONVERSION = YES;
				CLANG_WARN_OBJC_ROOT_CLASS = YES_ERROR;
				CLANG_WARN_QUOTED_INCLUDE_IN_FRAMEWORK_HEADER = YES;
				CLANG_WARN_RANGE_LOOP_ANALYSIS = YES;
				CLANG_WARN_STRICT_PROTOTYPES = YES;
				CLANG_WARN_SUSPICIOUS_MOVE = YES;
				CLANG_WARN_UNGUARDED_AVAILABILITY = YES_AGGRESSIVE;
				CLANG_WARN_UNREACHABLE_CODE = YES;
				CLANG_WARN__DUPLICATE_METHOD_MATCH = YES;
				COPY_PHASE_STRIP = NO;
				DEBUG_INFORMATION_FORMAT = dwarf;
				ENABLE_STRICT_OBJC_MSGSEND = YES;
				ENABLE_TESTABILITY = YES;
				GCC_C_LANGUAGE_STANDARD = gnu11;
				GCC_DYNAMIC_NO_PIC = NO;
				GCC_NO_COMMON_BLOCKS = YES;
				GCC_OPTIMIZATION_LEVEL = 0;
				GCC_PREPROCESSOR_DEFINITIONS = (
					"DEBUG=1",
					"$(inherited)",
				);
				GCC_WARN_64_TO_32_BIT_CONVERSION = YES;
				GCC_WARN_ABOUT_RETURN_TYPE = YES_ERROR;
				GCC_WARN_UNDECLARED_SELECTOR = YES;
				GCC_WARN_UNINITIALIZED_AUTOS = YES_AGGRESSIVE;
				GCC_WARN_UNUSED_FUNCTION = YES;
				GCC_WARN_UNUSED_VARIABLE = YES;
				IPHONEOS_DEPLOYMENT_TARGET = 15.2;
				MTL_ENABLE_DEBUG_INFO = INCLUDE_SOURCE;
				MTL_FAST_MATH = YES;
				ONLY_ACTIVE_ARCH = YES;
				SDKROOT = iphoneos;
				SWIFT_ACTIVE_COMPILATION_CONDITIONS = DEBUG;
				SWIFT_OPTIMIZATION_LEVEL = "-Onone";
			};
			name = Debug;
		};
		FAA011BD277C2EA5002D2249 /* Release */ = {
			isa = XCBuildConfiguration;
			buildSettings = {
				ALWAYS_SEARCH_USER_PATHS = NO;
				CLANG_ANALYZER_NONNULL = YES;
				CLANG_ANALYZER_NUMBER_OBJECT_CONVERSION = YES_AGGRESSIVE;
				CLANG_CXX_LANGUAGE_STANDARD = "gnu++17";
				CLANG_CXX_LIBRARY = "libc++";
				CLANG_ENABLE_MODULES = YES;
				CLANG_ENABLE_OBJC_ARC = YES;
				CLANG_ENABLE_OBJC_WEAK = YES;
				CLANG_WARN_BLOCK_CAPTURE_AUTORELEASING = YES;
				CLANG_WARN_BOOL_CONVERSION = YES;
				CLANG_WARN_COMMA = YES;
				CLANG_WARN_CONSTANT_CONVERSION = YES;
				CLANG_WARN_DEPRECATED_OBJC_IMPLEMENTATIONS = YES;
				CLANG_WARN_DIRECT_OBJC_ISA_USAGE = YES_ERROR;
				CLANG_WARN_DOCUMENTATION_COMMENTS = YES;
				CLANG_WARN_EMPTY_BODY = YES;
				CLANG_WARN_ENUM_CONVERSION = YES;
				CLANG_WARN_INFINITE_RECURSION = YES;
				CLANG_WARN_INT_CONVERSION = YES;
				CLANG_WARN_NON_LITERAL_NULL_CONVERSION = YES;
				CLANG_WARN_OBJC_IMPLICIT_RETAIN_SELF = YES;
				CLANG_WARN_OBJC_LITERAL_CONVERSION = YES;
				CLANG_WARN_OBJC_ROOT_CLASS = YES_ERROR;
				CLANG_WARN_QUOTED_INCLUDE_IN_FRAMEWORK_HEADER = YES;
				CLANG_WARN_RANGE_LOOP_ANALYSIS = YES;
				CLANG_WARN_STRICT_PROTOTYPES = YES;
				CLANG_WARN_SUSPICIOUS_MOVE = YES;
				CLANG_WARN_UNGUARDED_AVAILABILITY = YES_AGGRESSIVE;
				CLANG_WARN_UNREACHABLE_CODE = YES;
				CLANG_WARN__DUPLICATE_METHOD_MATCH = YES;
				COPY_PHASE_STRIP = NO;
				DEBUG_INFORMATION_FORMAT = "dwarf-with-dsym";
				ENABLE_NS_ASSERTIONS = NO;
				ENABLE_STRICT_OBJC_MSGSEND = YES;
				GCC_C_LANGUAGE_STANDARD = gnu11;
				GCC_NO_COMMON_BLOCKS = YES;
				GCC_WARN_64_TO_32_BIT_CONVERSION = YES;
				GCC_WARN_ABOUT_RETURN_TYPE = YES_ERROR;
				GCC_WARN_UNDECLARED_SELECTOR = YES;
				GCC_WARN_UNINITIALIZED_AUTOS = YES_AGGRESSIVE;
				GCC_WARN_UNUSED_FUNCTION = YES;
				GCC_WARN_UNUSED_VARIABLE = YES;
				IPHONEOS_DEPLOYMENT_TARGET = 15.2;
				MTL_ENABLE_DEBUG_INFO = NO;
				MTL_FAST_MATH = YES;
				SDKROOT = iphoneos;
				SWIFT_COMPILATION_MODE = wholemodule;
				SWIFT_OPTIMIZATION_LEVEL = "-O";
				VALIDATE_PRODUCT = YES;
			};
			name = Release;
		};
		FAA011BF277C2EA5002D2249 /* Debug */ = {
			isa = XCBuildConfiguration;
			buildSettings = {
				ASSETCATALOG_COMPILER_APPICON_NAME = AppIcon;
				ASSETCATALOG_COMPILER_GLOBAL_ACCENT_COLOR_NAME = AccentColor;
				CODE_SIGN_STYLE = Automatic;
				CURRENT_PROJECT_VERSION = 1;
				DEVELOPMENT_TEAM = A7DPQZ8553;
				GENERATE_INFOPLIST_FILE = YES;
				INFOPLIST_FILE = ProgramatticViewsPractice/Info.plist;
				INFOPLIST_KEY_UIApplicationSupportsIndirectInputEvents = YES;
				INFOPLIST_KEY_UILaunchStoryboardName = LaunchScreen;
				INFOPLIST_KEY_UIMainStoryboardFile = Main;
				INFOPLIST_KEY_UISupportedInterfaceOrientations_iPad = "UIInterfaceOrientationPortrait UIInterfaceOrientationPortraitUpsideDown UIInterfaceOrientationLandscapeLeft UIInterfaceOrientationLandscapeRight";
				INFOPLIST_KEY_UISupportedInterfaceOrientations_iPhone = "UIInterfaceOrientationPortrait UIInterfaceOrientationLandscapeLeft UIInterfaceOrientationLandscapeRight";
				LD_RUNPATH_SEARCH_PATHS = (
					"$(inherited)",
					"@executable_path/Frameworks",
				);
				MARKETING_VERSION = 1.0;
				PRODUCT_BUNDLE_IDENTIFIER = com.kanoamatton.ProgramatticViewsPractice;
				PRODUCT_NAME = "$(TARGET_NAME)";
				SWIFT_EMIT_LOC_STRINGS = YES;
				SWIFT_VERSION = 5.0;
				TARGETED_DEVICE_FAMILY = "1,2";
			};
			name = Debug;
		};
		FAA011C0277C2EA5002D2249 /* Release */ = {
			isa = XCBuildConfiguration;
			buildSettings = {
				ASSETCATALOG_COMPILER_APPICON_NAME = AppIcon;
				ASSETCATALOG_COMPILER_GLOBAL_ACCENT_COLOR_NAME = AccentColor;
				CODE_SIGN_STYLE = Automatic;
				CURRENT_PROJECT_VERSION = 1;
				DEVELOPMENT_TEAM = A7DPQZ8553;
				GENERATE_INFOPLIST_FILE = YES;
				INFOPLIST_FILE = ProgramatticViewsPractice/Info.plist;
				INFOPLIST_KEY_UIApplicationSupportsIndirectInputEvents = YES;
				INFOPLIST_KEY_UILaunchStoryboardName = LaunchScreen;
				INFOPLIST_KEY_UIMainStoryboardFile = Main;
				INFOPLIST_KEY_UISupportedInterfaceOrientations_iPad = "UIInterfaceOrientationPortrait UIInterfaceOrientationPortraitUpsideDown UIInterfaceOrientationLandscapeLeft UIInterfaceOrientationLandscapeRight";
				INFOPLIST_KEY_UISupportedInterfaceOrientations_iPhone = "UIInterfaceOrientationPortrait UIInterfaceOrientationLandscapeLeft UIInterfaceOrientationLandscapeRight";
				LD_RUNPATH_SEARCH_PATHS = (
					"$(inherited)",
					"@executable_path/Frameworks",
				);
				MARKETING_VERSION = 1.0;
				PRODUCT_BUNDLE_IDENTIFIER = com.kanoamatton.ProgramatticViewsPractice;
				PRODUCT_NAME = "$(TARGET_NAME)";
				SWIFT_EMIT_LOC_STRINGS = YES;
				SWIFT_VERSION = 5.0;
				TARGETED_DEVICE_FAMILY = "1,2";
			};
			name = Release;
		};
		FAA011C2277C2EA5002D2249 /* Debug */ = {
			isa = XCBuildConfiguration;
			buildSettings = {
				ALWAYS_EMBED_SWIFT_STANDARD_LIBRARIES = YES;
				BUNDLE_LOADER = "$(TEST_HOST)";
				CODE_SIGN_STYLE = Automatic;
				CURRENT_PROJECT_VERSION = 1;
				DEVELOPMENT_TEAM = A7DPQZ8553;
				GENERATE_INFOPLIST_FILE = YES;
				IPHONEOS_DEPLOYMENT_TARGET = 15.2;
				MARKETING_VERSION = 1.0;
				PRODUCT_BUNDLE_IDENTIFIER = com.kanoamatton.ProgramatticViewsPracticeTests;
				PRODUCT_NAME = "$(TARGET_NAME)";
				SWIFT_EMIT_LOC_STRINGS = NO;
				SWIFT_VERSION = 5.0;
				TARGETED_DEVICE_FAMILY = "1,2";
				TEST_HOST = "$(BUILT_PRODUCTS_DIR)/ProgramatticViewsPractice.app/ProgramatticViewsPractice";
			};
			name = Debug;
		};
		FAA011C3277C2EA5002D2249 /* Release */ = {
			isa = XCBuildConfiguration;
			buildSettings = {
				ALWAYS_EMBED_SWIFT_STANDARD_LIBRARIES = YES;
				BUNDLE_LOADER = "$(TEST_HOST)";
				CODE_SIGN_STYLE = Automatic;
				CURRENT_PROJECT_VERSION = 1;
				DEVELOPMENT_TEAM = A7DPQZ8553;
				GENERATE_INFOPLIST_FILE = YES;
				IPHONEOS_DEPLOYMENT_TARGET = 15.2;
				MARKETING_VERSION = 1.0;
				PRODUCT_BUNDLE_IDENTIFIER = com.kanoamatton.ProgramatticViewsPracticeTests;
				PRODUCT_NAME = "$(TARGET_NAME)";
				SWIFT_EMIT_LOC_STRINGS = NO;
				SWIFT_VERSION = 5.0;
				TARGETED_DEVICE_FAMILY = "1,2";
				TEST_HOST = "$(BUILT_PRODUCTS_DIR)/ProgramatticViewsPractice.app/ProgramatticViewsPractice";
			};
			name = Release;
		};
		FAA011C5277C2EA5002D2249 /* Debug */ = {
			isa = XCBuildConfiguration;
			buildSettings = {
				ALWAYS_EMBED_SWIFT_STANDARD_LIBRARIES = YES;
				CODE_SIGN_STYLE = Automatic;
				CURRENT_PROJECT_VERSION = 1;
				DEVELOPMENT_TEAM = A7DPQZ8553;
				GENERATE_INFOPLIST_FILE = YES;
				MARKETING_VERSION = 1.0;
				PRODUCT_BUNDLE_IDENTIFIER = com.kanoamatton.ProgramatticViewsPracticeUITests;
				PRODUCT_NAME = "$(TARGET_NAME)";
				SWIFT_EMIT_LOC_STRINGS = NO;
				SWIFT_VERSION = 5.0;
				TARGETED_DEVICE_FAMILY = "1,2";
				TEST_TARGET_NAME = ProgramatticViewsPractice;
			};
			name = Debug;
		};
		FAA011C6277C2EA5002D2249 /* Release */ = {
			isa = XCBuildConfiguration;
			buildSettings = {
				ALWAYS_EMBED_SWIFT_STANDARD_LIBRARIES = YES;
				CODE_SIGN_STYLE = Automatic;
				CURRENT_PROJECT_VERSION = 1;
				DEVELOPMENT_TEAM = A7DPQZ8553;
				GENERATE_INFOPLIST_FILE = YES;
				MARKETING_VERSION = 1.0;
				PRODUCT_BUNDLE_IDENTIFIER = com.kanoamatton.ProgramatticViewsPracticeUITests;
				PRODUCT_NAME = "$(TARGET_NAME)";
				SWIFT_EMIT_LOC_STRINGS = NO;
				SWIFT_VERSION = 5.0;
				TARGETED_DEVICE_FAMILY = "1,2";
				TEST_TARGET_NAME = ProgramatticViewsPractice;
			};
			name = Release;
		};
/* End XCBuildConfiguration section */

/* Begin XCConfigurationList section */
		FAA0118F277C2EA1002D2249 /* Build configuration list for PBXProject "ProgramatticViewsPractice" */ = {
			isa = XCConfigurationList;
			buildConfigurations = (
				FAA011BC277C2EA5002D2249 /* Debug */,
				FAA011BD277C2EA5002D2249 /* Release */,
			);
			defaultConfigurationIsVisible = 0;
			defaultConfigurationName = Release;
		};
		FAA011BE277C2EA5002D2249 /* Build configuration list for PBXNativeTarget "ProgramatticViewsPractice" */ = {
			isa = XCConfigurationList;
			buildConfigurations = (
				FAA011BF277C2EA5002D2249 /* Debug */,
				FAA011C0277C2EA5002D2249 /* Release */,
			);
			defaultConfigurationIsVisible = 0;
			defaultConfigurationName = Release;
		};
		FAA011C1277C2EA5002D2249 /* Build configuration list for PBXNativeTarget "ProgramatticViewsPracticeTests" */ = {
			isa = XCConfigurationList;
			buildConfigurations = (
				FAA011C2277C2EA5002D2249 /* Debug */,
				FAA011C3277C2EA5002D2249 /* Release */,
			);
			defaultConfigurationIsVisible = 0;
			defaultConfigurationName = Release;
		};
		FAA011C4277C2EA5002D2249 /* Build configuration list for PBXNativeTarget "ProgramatticViewsPracticeUITests" */ = {
			isa = XCConfigurationList;
			buildConfigurations = (
				FAA011C5277C2EA5002D2249 /* Debug */,
				FAA011C6277C2EA5002D2249 /* Release */,
			);
			defaultConfigurationIsVisible = 0;
			defaultConfigurationName = Release;
		};
/* End XCConfigurationList section */
	};
	rootObject = FAA0118C277C2EA1002D2249 /* Project object */;
}
